
Microsoft Visual Studio Solution File, Format Version 12.00
# Visual Studio Version 17
VisualStudioVersion = 17.5.33424.131
MinimumVisualStudioVersion = 10.0.40219.1
Project("{9A19103F-16F7-4668-BE54-9A1E7A4F7556}") = "PlatesAvaloniaProject", "PlatesAvaloniaProject\PlatesAvaloniaProject.csproj", "{A3FA8979-35F2-4D5D-B9B5-F33F6E594455}"
EndProject
Project("{FAE04EC0-301F-11D3-BF4B-00C04F79EFBC}") = "TestProject1", "TestProject1\TestProject1.csproj", "{8E56B492-BCFC-4DA1-BD23-FF3BD902D1BF}"
EndProject
Project("{9A19103F-16F7-4668-BE54-9A1E7A4F7556}") = "LogHelper", "LogHelper\LogHelper.csproj", "{1C91C68A-7486-462F-ACB9-B5905B46CBD8}"
EndProject
Global
	GlobalSection(SolutionConfigurationPlatforms) = preSolution
		Debug|Any CPU = Debug|Any CPU
		Release|Any CPU = Release|Any CPU
	EndGlobalSection
	GlobalSection(ProjectConfigurationPlatforms) = postSolution
		{A3FA8979-35F2-4D5D-B9B5-F33F6E594455}.Debug|Any CPU.ActiveCfg = Debug|Any CPU
		{A3FA8979-35F2-4D5D-B9B5-F33F6E594455}.Debug|Any CPU.Build.0 = Debug|Any CPU
		{A3FA8979-35F2-4D5D-B9B5-F33F6E594455}.Release|Any CPU.ActiveCfg = Release|Any CPU
		{A3FA8979-35F2-4D5D-B9B5-F33F6E594455}.Release|Any CPU.Build.0 = Release|Any CPU
		{8E56B492-BCFC-4DA1-BD23-FF3BD902D1BF}.Debug|Any CPU.ActiveCfg = Debug|Any CPU
		{8E56B492-BCFC-4DA1-BD23-FF3BD902D1BF}.Debug|Any CPU.Build.0 = Debug|Any CPU
		{8E56B492-BCFC-4DA1-BD23-FF3BD902D1BF}.Release|Any CPU.ActiveCfg = Release|Any CPU
		{8E56B492-BCFC-4DA1-BD23-FF3BD902D1BF}.Release|Any CPU.Build.0 = Release|Any CPU
		{1C91C68A-7486-462F-ACB9-B5905B46CBD8}.Debug|Any CPU.ActiveCfg = Debug|Any CPU
		{1C91C68A-7486-462F-ACB9-B5905B46CBD8}.Debug|Any CPU.Build.0 = Debug|Any CPU
		{1C91C68A-7486-462F-ACB9-B5905B46CBD8}.Release|Any CPU.ActiveCfg = Release|Any CPU
		{1C91C68A-7486-462F-ACB9-B5905B46CBD8}.Release|Any CPU.Build.0 = Release|Any CPU
	EndGlobalSection
	GlobalSection(SolutionProperties) = preSolution
		HideSolutionNode = FALSE
	EndGlobalSection
	GlobalSection(ExtensibilityGlobals) = postSolution
		SolutionGuid = {D12D9799-D967-48C4-B086-5EA96F3D1D69}
	EndGlobalSection
EndGlobal
